
Microsoft Visual Studio Solution File, Format Version 12.00
# Visual Studio Version 17
VisualStudioVersion = 17.10.35122.118
MinimumVisualStudioVersion = 10.0.40219.1
Project("{54A90642-561A-4BB1-A94E-469ADEE60C69}") = "PRDeckBuilder", "PRDeckBuilder.esproj", "{FAF0CFAC-0E69-41A5-8E01-99CDA1FB02A0}"
EndProject
Global
	GlobalSection(SolutionConfigurationPlatforms) = preSolution
		Debug|Any CPU = Debug|Any CPU
		Release|Any CPU = Release|Any CPU
	EndGlobalSection
	GlobalSection(ProjectConfigurationPlatforms) = postSolution
		{FAF0CFAC-0E69-41A5-8E01-99CDA1FB02A0}.Debug|Any CPU.ActiveCfg = Debug|Any CPU
		{FAF0CFAC-0E69-41A5-8E01-99CDA1FB02A0}.Debug|Any CPU.Build.0 = Debug|Any CPU
		{FAF0CFAC-0E69-41A5-8E01-99CDA1FB02A0}.Debug|Any CPU.Deploy.0 = Debug|Any CPU
		{FAF0CFAC-0E69-41A5-8E01-99CDA1FB02A0}.Release|Any CPU.ActiveCfg = Release|Any CPU
		{FAF0CFAC-0E69-41A5-8E01-99CDA1FB02A0}.Release|Any CPU.Build.0 = Release|Any CPU
		{FAF0CFAC-0E69-41A5-8E01-99CDA1FB02A0}.Release|Any CPU.Deploy.0 = Release|Any CPU
	EndGlobalSection
	GlobalSection(SolutionProperties) = preSolution
		HideSolutionNode = FALSE
	EndGlobalSection
	GlobalSection(ExtensibilityGlobals) = postSolution
		SolutionGuid = {6503907F-BA1B-45EC-9FF1-583496C5C8B5}
	EndGlobalSection
EndGlobal
